// !$*UTF8*$!
{
	archiveVersion = 1;
	classes = {
	};
	objectVersion = 48;
	objects = {

/* Begin PBXBuildFile section */
		671C6BCC2078304100B24A4D /* AppDelegate.swift in Sources */ = {isa = PBXBuildFile; fileRef = 671C6BCB2078304100B24A4D /* AppDelegate.swift */; };
		671C6BCE2078304100B24A4D /* ViewController.swift in Sources */ = {isa = PBXBuildFile; fileRef = 671C6BCD2078304100B24A4D /* ViewController.swift */; };
		671C6BD12078304100B24A4D /* Main.storyboard in Resources */ = {isa = PBXBuildFile; fileRef = 671C6BCF2078304100B24A4D /* Main.storyboard */; };
		671C6BD32078304100B24A4D /* Assets.xcassets in Resources */ = {isa = PBXBuildFile; fileRef = 671C6BD22078304100B24A4D /* Assets.xcassets */; };
		671C6BD62078304100B24A4D /* LaunchScreen.storyboard in Resources */ = {isa = PBXBuildFile; fileRef = 671C6BD42078304100B24A4D /* LaunchScreen.storyboard */; };
		671C6BE12078304100B24A4D /* SevenLittleWordsTests.swift in Sources */ = {isa = PBXBuildFile; fileRef = 671C6BE02078304100B24A4D /* SevenLittleWordsTests.swift */; };
		671C6BEC2078304100B24A4D /* SevenLittleWordsUITests.swift in Sources */ = {isa = PBXBuildFile; fileRef = 671C6BEB2078304100B24A4D /* SevenLittleWordsUITests.swift */; };
		671C6BFA20783A5300B24A4D /* README.md in Resources */ = {isa = PBXBuildFile; fileRef = 671C6BF920783A5300B24A4D /* README.md */; };
		671C6BFD2078472800B24A4D /* level1.txt in Resources */ = {isa = PBXBuildFile; fileRef = 671C6BFC2078472800B24A4D /* level1.txt */; };
/* End PBXBuildFile section */

/* Begin PBXContainerItemProxy section */
		671C6BDD2078304100B24A4D /* PBXContainerItemProxy */ = {
			isa = PBXContainerItemProxy;
			containerPortal = 671C6BC02078304100B24A4D /* Project object */;
			proxyType = 1;
			remoteGlobalIDString = 671C6BC72078304100B24A4D;
			remoteInfo = SevenLittleWords;
		};
		671C6BE82078304100B24A4D /* PBXContainerItemProxy */ = {
			isa = PBXContainerItemProxy;
			containerPortal = 671C6BC02078304100B24A4D /* Project object */;
			proxyType = 1;
			remoteGlobalIDString = 671C6BC72078304100B24A4D;
			remoteInfo = SevenLittleWords;
		};
/* End PBXContainerItemProxy section */

/* Begin PBXFileReference section */
		671C6BC82078304100B24A4D /* SevenLittleWords.app */ = {isa = PBXFileReference; explicitFileType = wrapper.application; includeInIndex = 0; path = SevenLittleWords.app; sourceTree = BUILT_PRODUCTS_DIR; };
		671C6BCB2078304100B24A4D /* AppDelegate.swift */ = {isa = PBXFileReference; lastKnownFileType = sourcecode.swift; path = AppDelegate.swift; sourceTree = "<group>"; };
		671C6BCD2078304100B24A4D /* ViewController.swift */ = {isa = PBXFileReference; lastKnownFileType = sourcecode.swift; path = ViewController.swift; sourceTree = "<group>"; };
		671C6BD02078304100B24A4D /* Base */ = {isa = PBXFileReference; lastKnownFileType = file.storyboard; name = Base; path = Base.lproj/Main.storyboard; sourceTree = "<group>"; };
		671C6BD22078304100B24A4D /* Assets.xcassets */ = {isa = PBXFileReference; lastKnownFileType = folder.assetcatalog; path = Assets.xcassets; sourceTree = "<group>"; };
		671C6BD52078304100B24A4D /* Base */ = {isa = PBXFileReference; lastKnownFileType = file.storyboard; name = Base; path = Base.lproj/LaunchScreen.storyboard; sourceTree = "<group>"; };
		671C6BD72078304100B24A4D /* Info.plist */ = {isa = PBXFileReference; lastKnownFileType = text.plist.xml; path = Info.plist; sourceTree = "<group>"; };
		671C6BDC2078304100B24A4D /* SevenLittleWordsTests.xctest */ = {isa = PBXFileReference; explicitFileType = wrapper.cfbundle; includeInIndex = 0; path = SevenLittleWordsTests.xctest; sourceTree = BUILT_PRODUCTS_DIR; };
		671C6BE02078304100B24A4D /* SevenLittleWordsTests.swift */ = {isa = PBXFileReference; lastKnownFileType = sourcecode.swift; path = SevenLittleWordsTests.swift; sourceTree = "<group>"; };
		671C6BE22078304100B24A4D /* Info.plist */ = {isa = PBXFileReference; lastKnownFileType = text.plist.xml; path = Info.plist; sourceTree = "<group>"; };
		671C6BE72078304100B24A4D /* SevenLittleWordsUITests.xctest */ = {isa = PBXFileReference; explicitFileType = wrapper.cfbundle; includeInIndex = 0; path = SevenLittleWordsUITests.xctest; sourceTree = BUILT_PRODUCTS_DIR; };
		671C6BEB2078304100B24A4D /* SevenLittleWordsUITests.swift */ = {isa = PBXFileReference; lastKnownFileType = sourcecode.swift; path = SevenLittleWordsUITests.swift; sourceTree = "<group>"; };
		671C6BED2078304100B24A4D /* Info.plist */ = {isa = PBXFileReference; lastKnownFileType = text.plist.xml; path = Info.plist; sourceTree = "<group>"; };
		671C6BF920783A5300B24A4D /* README.md */ = {isa = PBXFileReference; fileEncoding = 4; lastKnownFileType = net.daringfireball.markdown; path = README.md; sourceTree = "<group>"; };
		671C6BFC2078472800B24A4D /* level1.txt */ = {isa = PBXFileReference; fileEncoding = 4; lastKnownFileType = text; path = level1.txt; sourceTree = "<group>"; };
/* End PBXFileReference section */

/* Begin PBXFrameworksBuildPhase section */
		671C6BC52078304100B24A4D /* Frameworks */ = {
			isa = PBXFrameworksBuildPhase;
			buildActionMask = 2147483647;
			files = (
			);
			runOnlyForDeploymentPostprocessing = 0;
		};
		671C6BD92078304100B24A4D /* Frameworks */ = {
			isa = PBXFrameworksBuildPhase;
			buildActionMask = 2147483647;
			files = (
			);
			runOnlyForDeploymentPostprocessing = 0;
		};
		671C6BE42078304100B24A4D /* Frameworks */ = {
			isa = PBXFrameworksBuildPhase;
			buildActionMask = 2147483647;
			files = (
			);
			runOnlyForDeploymentPostprocessing = 0;
		};
/* End PBXFrameworksBuildPhase section */

/* Begin PBXGroup section */
		671C6BBF2078304100B24A4D = {
			isa = PBXGroup;
			children = (
				671C6BCA2078304100B24A4D /* SevenLittleWords */,
				671C6BF920783A5300B24A4D /* README.md */,
				671C6BDF2078304100B24A4D /* SevenLittleWordsTests */,
				671C6BEA2078304100B24A4D /* SevenLittleWordsUITests */,
				671C6BC92078304100B24A4D /* Products */,
			);
			sourceTree = "<group>";
		};
		671C6BC92078304100B24A4D /* Products */ = {
			isa = PBXGroup;
			children = (
				671C6BC82078304100B24A4D /* SevenLittleWords.app */,
				671C6BDC2078304100B24A4D /* SevenLittleWordsTests.xctest */,
				671C6BE72078304100B24A4D /* SevenLittleWordsUITests.xctest */,
			);
			name = Products;
			sourceTree = "<group>";
		};
		671C6BCA2078304100B24A4D /* SevenLittleWords */ = {
			isa = PBXGroup;
			children = (
				671C6BCF2078304100B24A4D /* Main.storyboard */,
				671C6BCB2078304100B24A4D /* AppDelegate.swift */,
				671C6BCD2078304100B24A4D /* ViewController.swift */,
				671C6BD22078304100B24A4D /* Assets.xcassets */,
				671C6BD42078304100B24A4D /* LaunchScreen.storyboard */,
				671C6BD72078304100B24A4D /* Info.plist */,
				671C6BFB207846FA00B24A4D /* Levels */,
			);
			path = SevenLittleWords;
			sourceTree = "<group>";
		};
		671C6BDF2078304100B24A4D /* SevenLittleWordsTests */ = {
			isa = PBXGroup;
			children = (
				671C6BE02078304100B24A4D /* SevenLittleWordsTests.swift */,
				671C6BE22078304100B24A4D /* Info.plist */,
			);
			path = SevenLittleWordsTests;
			sourceTree = "<group>";
		};
		671C6BEA2078304100B24A4D /* SevenLittleWordsUITests */ = {
			isa = PBXGroup;
			children = (
				671C6BEB2078304100B24A4D /* SevenLittleWordsUITests.swift */,
				671C6BED2078304100B24A4D /* Info.plist */,
			);
			path = SevenLittleWordsUITests;
			sourceTree = "<group>";
		};
		671C6BFB207846FA00B24A4D /* Levels */ = {
			isa = PBXGroup;
			children = (
				671C6BFC2078472800B24A4D /* level1.txt */,
			);
			path = Levels;
			sourceTree = "<group>";
		};
/* End PBXGroup section */

/* Begin PBXNativeTarget section */
		671C6BC72078304100B24A4D /* SevenLittleWords */ = {
			isa = PBXNativeTarget;
			buildConfigurationList = 671C6BF02078304100B24A4D /* Build configuration list for PBXNativeTarget "SevenLittleWords" */;
			buildPhases = (
				671C6BC42078304100B24A4D /* Sources */,
				671C6BC52078304100B24A4D /* Frameworks */,
				671C6BC62078304100B24A4D /* Resources */,
			);
			buildRules = (
			);
			dependencies = (
			);
			name = SevenLittleWords;
			productName = SevenLittleWords;
			productReference = 671C6BC82078304100B24A4D /* SevenLittleWords.app */;
			productType = "com.apple.product-type.application";
		};
		671C6BDB2078304100B24A4D /* SevenLittleWordsTests */ = {
			isa = PBXNativeTarget;
			buildConfigurationList = 671C6BF32078304100B24A4D /* Build configuration list for PBXNativeTarget "SevenLittleWordsTests" */;
			buildPhases = (
				671C6BD82078304100B24A4D /* Sources */,
				671C6BD92078304100B24A4D /* Frameworks */,
				671C6BDA2078304100B24A4D /* Resources */,
			);
			buildRules = (
			);
			dependencies = (
				671C6BDE2078304100B24A4D /* PBXTargetDependency */,
			);
			name = SevenLittleWordsTests;
			productName = SevenLittleWordsTests;
			productReference = 671C6BDC2078304100B24A4D /* SevenLittleWordsTests.xctest */;
			productType = "com.apple.product-type.bundle.unit-test";
		};
		671C6BE62078304100B24A4D /* SevenLittleWordsUITests */ = {
			isa = PBXNativeTarget;
			buildConfigurationList = 671C6BF62078304100B24A4D /* Build configuration list for PBXNativeTarget "SevenLittleWordsUITests" */;
			buildPhases = (
				671C6BE32078304100B24A4D /* Sources */,
				671C6BE42078304100B24A4D /* Frameworks */,
				671C6BE52078304100B24A4D /* Resources */,
			);
			buildRules = (
			);
			dependencies = (
				671C6BE92078304100B24A4D /* PBXTargetDependency */,
			);
			name = SevenLittleWordsUITests;
			productName = SevenLittleWordsUITests;
			productReference = 671C6BE72078304100B24A4D /* SevenLittleWordsUITests.xctest */;
			productType = "com.apple.product-type.bundle.ui-testing";
		};
/* End PBXNativeTarget section */

/* Begin PBXProject section */
		671C6BC02078304100B24A4D /* Project object */ = {
			isa = PBXProject;
			attributes = {
				LastSwiftUpdateCheck = 0920;
				LastUpgradeCheck = 0920;
				ORGANIZATIONNAME = "Vic Sukiasyan";
				TargetAttributes = {
					671C6BC72078304100B24A4D = {
						CreatedOnToolsVersion = 9.2;
						ProvisioningStyle = Automatic;
					};
					671C6BDB2078304100B24A4D = {
						CreatedOnToolsVersion = 9.2;
						ProvisioningStyle = Automatic;
						TestTargetID = 671C6BC72078304100B24A4D;
					};
					671C6BE62078304100B24A4D = {
						CreatedOnToolsVersion = 9.2;
						ProvisioningStyle = Automatic;
						TestTargetID = 671C6BC72078304100B24A4D;
					};
				};
			};
			buildConfigurationList = 671C6BC32078304100B24A4D /* Build configuration list for PBXProject "SevenLittleWords" */;
			compatibilityVersion = "Xcode 8.0";
			developmentRegion = en;
			hasScannedForEncodings = 0;
			knownRegions = (
				en,
				Base,
			);
			mainGroup = 671C6BBF2078304100B24A4D;
			productRefGroup = 671C6BC92078304100B24A4D /* Products */;
			projectDirPath = "";
			projectRoot = "";
			targets = (
				671C6BC72078304100B24A4D /* SevenLittleWords */,
				671C6BDB2078304100B24A4D /* SevenLittleWordsTests */,
				671C6BE62078304100B24A4D /* SevenLittleWordsUITests */,
			);
		};
/* End PBXProject section */

/* Begin PBXResourcesBuildPhase section */
		671C6BC62078304100B24A4D /* Resources */ = {
			isa = PBXResourcesBuildPhase;
			buildActionMask = 2147483647;
			files = (
				671C6BFD2078472800B24A4D /* level1.txt in Resources */,
				671C6BD62078304100B24A4D /* LaunchScreen.storyboard in Resources */,
				671C6BD32078304100B24A4D /* Assets.xcassets in Resources */,
				671C6BFA20783A5300B24A4D /* README.md in Resources */,
				671C6BD12078304100B24A4D /* Main.storyboard in Resources */,
			);
			runOnlyForDeploymentPostprocessing = 0;
		};
		671C6BDA2078304100B24A4D /* Resources */ = {
			isa = PBXResourcesBuildPhase;
			buildActionMask = 2147483647;
			files = (
			);
			runOnlyForDeploymentPostprocessing = 0;
		};
		671C6BE52078304100B24A4D /* Resources */ = {
			isa = PBXResourcesBuildPhase;
			buildActionMask = 2147483647;
			files = (
			);
			runOnlyForDeploymentPostprocessing = 0;
		};
/* End PBXResourcesBuildPhase section */

/* Begin PBXSourcesBuildPhase section */
		671C6BC42078304100B24A4D /* Sources */ = {
			isa = PBXSourcesBuildPhase;
			buildActionMask = 2147483647;
			files = (
				671C6BCE2078304100B24A4D /* ViewController.swift in Sources */,
				671C6BCC2078304100B24A4D /* AppDelegate.swift in Sources */,
			);
			runOnlyForDeploymentPostprocessing = 0;
		};
		671C6BD82078304100B24A4D /* Sources */ = {
			isa = PBXSourcesBuildPhase;
			buildActionMask = 2147483647;
			files = (
				671C6BE12078304100B24A4D /* SevenLittleWordsTests.swift in Sources */,
			);
			runOnlyForDeploymentPostprocessing = 0;
		};
		671C6BE32078304100B24A4D /* Sources */ = {
			isa = PBXSourcesBuildPhase;
			buildActionMask = 2147483647;
			files = (
				671C6BEC2078304100B24A4D /* SevenLittleWordsUITests.swift in Sources */,
			);
			runOnlyForDeploymentPostprocessing = 0;
		};
/* End PBXSourcesBuildPhase section */

/* Begin PBXTargetDependency section */
		671C6BDE2078304100B24A4D /* PBXTargetDependency */ = {
			isa = PBXTargetDependency;
			target = 671C6BC72078304100B24A4D /* SevenLittleWords */;
			targetProxy = 671C6BDD2078304100B24A4D /* PBXContainerItemProxy */;
		};
		671C6BE92078304100B24A4D /* PBXTargetDependency */ = {
			isa = PBXTargetDependency;
			target = 671C6BC72078304100B24A4D /* SevenLittleWords */;
			targetProxy = 671C6BE82078304100B24A4D /* PBXContainerItemProxy */;
		};
/* End PBXTargetDependency section */

/* Begin PBXVariantGroup section */
		671C6BCF2078304100B24A4D /* Main.storyboard */ = {
			isa = PBXVariantGroup;
			children = (
				671C6BD02078304100B24A4D /* Base */,
			);
			name = Main.storyboard;
			sourceTree = "<group>";
		};
		671C6BD42078304100B24A4D /* LaunchScreen.storyboard */ = {
			isa = PBXVariantGroup;
			children = (
				671C6BD52078304100B24A4D /* Base */,
			);
			name = LaunchScreen.storyboard;
			sourceTree = "<group>";
		};
/* End PBXVariantGroup section */

/* Begin XCBuildConfiguration section */
		671C6BEE2078304100B24A4D /* Debug */ = {
			isa = XCBuildConfiguration;
			buildSettings = {
				ALWAYS_SEARCH_USER_PATHS = NO;
				CLANG_ANALYZER_NONNULL = YES;
				CLANG_ANALYZER_NUMBER_OBJECT_CONVERSION = YES_AGGRESSIVE;
				CLANG_CXX_LANGUAGE_STANDARD = "gnu++14";
				CLANG_CXX_LIBRARY = "libc++";
				CLANG_ENABLE_MODULES = YES;
				CLANG_ENABLE_OBJC_ARC = YES;
				CLANG_WARN_BLOCK_CAPTURE_AUTORELEASING = YES;
				CLANG_WARN_BOOL_CONVERSION = YES;
				CLANG_WARN_COMMA = YES;
				CLANG_WARN_CONSTANT_CONVERSION = YES;
				CLANG_WARN_DIRECT_OBJC_ISA_USAGE = YES_ERROR;
				CLANG_WARN_DOCUMENTATION_COMMENTS = YES;
				CLANG_WARN_EMPTY_BODY = YES;
				CLANG_WARN_ENUM_CONVERSION = YES;
				CLANG_WARN_INFINITE_RECURSION = YES;
				CLANG_WARN_INT_CONVERSION = YES;
				CLANG_WARN_NON_LITERAL_NULL_CONVERSION = YES;
				CLANG_WARN_OBJC_LITERAL_CONVERSION = YES;
				CLANG_WARN_OBJC_ROOT_CLASS = YES_ERROR;
				CLANG_WARN_RANGE_LOOP_ANALYSIS = YES;
				CLANG_WARN_STRICT_PROTOTYPES = YES;
				CLANG_WARN_SUSPICIOUS_MOVE = YES;
				CLANG_WARN_UNGUARDED_AVAILABILITY = YES_AGGRESSIVE;
				CLANG_WARN_UNREACHABLE_CODE = YES;
				CLANG_WARN__DUPLICATE_METHOD_MATCH = YES;
				CODE_SIGN_IDENTITY = "iPhone Developer";
				COPY_PHASE_STRIP = NO;
				DEBUG_INFORMATION_FORMAT = dwarf;
				ENABLE_STRICT_OBJC_MSGSEND = YES;
				ENABLE_TESTABILITY = YES;
				GCC_C_LANGUAGE_STANDARD = gnu11;
				GCC_DYNAMIC_NO_PIC = NO;
				GCC_NO_COMMON_BLOCKS = YES;
				GCC_OPTIMIZATION_LEVEL = 0;
				GCC_PREPROCESSOR_DEFINITIONS = (
					"DEBUG=1",
					"$(inherited)",
				);
				GCC_WARN_64_TO_32_BIT_CONVERSION = YES;
				GCC_WARN_ABOUT_RETURN_TYPE = YES_ERROR;
				GCC_WARN_UNDECLARED_SELECTOR = YES;
				GCC_WARN_UNINITIALIZED_AUTOS = YES_AGGRESSIVE;
				GCC_WARN_UNUSED_FUNCTION = YES;
				GCC_WARN_UNUSED_VARIABLE = YES;
				IPHONEOS_DEPLOYMENT_TARGET = 11.2;
				MTL_ENABLE_DEBUG_INFO = YES;
				ONLY_ACTIVE_ARCH = YES;
				SDKROOT = iphoneos;
				SWIFT_ACTIVE_COMPILATION_CONDITIONS = DEBUG;
				SWIFT_OPTIMIZATION_LEVEL = "-Onone";
			};
			name = Debug;
		};
		671C6BEF2078304100B24A4D /* Release */ = {
			isa = XCBuildConfiguration;
			buildSettings = {
				ALWAYS_SEARCH_USER_PATHS = NO;
				CLANG_ANALYZER_NONNULL = YES;
				CLANG_ANALYZER_NUMBER_OBJECT_CONVERSION = YES_AGGRESSIVE;
				CLANG_CXX_LANGUAGE_STANDARD = "gnu++14";
				CLANG_CXX_LIBRARY = "libc++";
				CLANG_ENABLE_MODULES = YES;
				CLANG_ENABLE_OBJC_ARC = YES;
				CLANG_WARN_BLOCK_CAPTURE_AUTORELEASING = YES;
				CLANG_WARN_BOOL_CONVERSION = YES;
				CLANG_WARN_COMMA = YES;
				CLANG_WARN_CONSTANT_CONVERSION = YES;
				CLANG_WARN_DIRECT_OBJC_ISA_USAGE = YES_ERROR;
				CLANG_WARN_DOCUMENTATION_COMMENTS = YES;
				CLANG_WARN_EMPTY_BODY = YES;
				CLANG_WARN_ENUM_CONVERSION = YES;
				CLANG_WARN_INFINITE_RECURSION = YES;
				CLANG_WARN_INT_CONVERSION = YES;
				CLANG_WARN_NON_LITERAL_NULL_CONVERSION = YES;
				CLANG_WARN_OBJC_LITERAL_CONVERSION = YES;
				CLANG_WARN_OBJC_ROOT_CLASS = YES_ERROR;
				CLANG_WARN_RANGE_LOOP_ANALYSIS = YES;
				CLANG_WARN_STRICT_PROTOTYPES = YES;
				CLANG_WARN_SUSPICIOUS_MOVE = YES;
				CLANG_WARN_UNGUARDED_AVAILABILITY = YES_AGGRESSIVE;
				CLANG_WARN_UNREACHABLE_CODE = YES;
				CLANG_WARN__DUPLICATE_METHOD_MATCH = YES;
				CODE_SIGN_IDENTITY = "iPhone Developer";
				COPY_PHASE_STRIP = NO;
				DEBUG_INFORMATION_FORMAT = "dwarf-with-dsym";
				ENABLE_NS_ASSERTIONS = NO;
				ENABLE_STRICT_OBJC_MSGSEND = YES;
				GCC_C_LANGUAGE_STANDARD = gnu11;
				GCC_NO_COMMON_BLOCKS = YES;
				GCC_WARN_64_TO_32_BIT_CONVERSION = YES;
				GCC_WARN_ABOUT_RETURN_TYPE = YES_ERROR;
				GCC_WARN_UNDECLARED_SELECTOR = YES;
				GCC_WARN_UNINITIALIZED_AUTOS = YES_AGGRESSIVE;
				GCC_WARN_UNUSED_FUNCTION = YES;
				GCC_WARN_UNUSED_VARIABLE = YES;
				IPHONEOS_DEPLOYMENT_TARGET = 11.2;
				MTL_ENABLE_DEBUG_INFO = NO;
				SDKROOT = iphoneos;
				SWIFT_OPTIMIZATION_LEVEL = "-Owholemodule";
				VALIDATE_PRODUCT = YES;
			};
			name = Release;
		};
		671C6BF12078304100B24A4D /* Debug */ = {
			isa = XCBuildConfiguration;
			buildSettings = {
				ASSETCATALOG_COMPILER_APPICON_NAME = AppIcon;
				CODE_SIGN_STYLE = Automatic;
				DEVELOPMENT_TEAM = P6295RT7MX;
				INFOPLIST_FILE = SevenLittleWords/Info.plist;
				LD_RUNPATH_SEARCH_PATHS = "$(inherited) @executable_path/Frameworks";
				PRODUCT_BUNDLE_IDENTIFIER = com.test.SevenLittleWords;
				PRODUCT_NAME = "$(TARGET_NAME)";
				SWIFT_VERSION = 4.0;
				TARGETED_DEVICE_FAMILY = 2;
			};
			name = Debug;
		};
		671C6BF22078304100B24A4D /* Release */ = {
			isa = XCBuildConfiguration;
			buildSettings = {
				ASSETCATALOG_COMPILER_APPICON_NAME = AppIcon;
				CODE_SIGN_STYLE = Automatic;
				DEVELOPMENT_TEAM = P6295RT7MX;
				INFOPLIST_FILE = SevenLittleWords/Info.plist;
				LD_RUNPATH_SEARCH_PATHS = "$(inherited) @executable_path/Frameworks";
				PRODUCT_BUNDLE_IDENTIFIER = com.test.SevenLittleWords;
				PRODUCT_NAME = "$(TARGET_NAME)";
				SWIFT_VERSION = 4.0;
				TARGETED_DEVICE_FAMILY = 2;
			};
			name = Release;
		};
		671C6BF42078304100B24A4D /* Debug */ = {
			isa = XCBuildConfiguration;
			buildSettings = {
				ALWAYS_EMBED_SWIFT_STANDARD_LIBRARIES = YES;
				BUNDLE_LOADER = "$(TEST_HOST)";
				CODE_SIGN_STYLE = Automatic;
				DEVELOPMENT_TEAM = P6295RT7MX;
				INFOPLIST_FILE = SevenLittleWordsTests/Info.plist;
				LD_RUNPATH_SEARCH_PATHS = "$(inherited) @executable_path/Frameworks @loader_path/Frameworks";
				PRODUCT_BUNDLE_IDENTIFIER = com.test.SevenLittleWordsTests;
				PRODUCT_NAME = "$(TARGET_NAME)";
				SWIFT_VERSION = 4.0;
				TARGETED_DEVICE_FAMILY = "1,2";
				TEST_HOST = "$(BUILT_PRODUCTS_DIR)/SevenLittleWords.app/SevenLittleWords";
			};
			name = Debug;
		};
		671C6BF52078304100B24A4D /* Release */ = {
			isa = XCBuildConfiguration;
			buildSettings = {
				ALWAYS_EMBED_SWIFT_STANDARD_LIBRARIES = YES;
				BUNDLE_LOADER = "$(TEST_HOST)";
				CODE_SIGN_STYLE = Automatic;
				DEVELOPMENT_TEAM = P6295RT7MX;
				INFOPLIST_FILE = SevenLittleWordsTests/Info.plist;
				LD_RUNPATH_SEARCH_PATHS = "$(inherited) @executable_path/Frameworks @loader_path/Frameworks";
				PRODUCT_BUNDLE_IDENTIFIER = com.test.SevenLittleWordsTests;
				PRODUCT_NAME = "$(TARGET_NAME)";
				SWIFT_VERSION = 4.0;
				TARGETED_DEVICE_FAMILY = "1,2";
				TEST_HOST = "$(BUILT_PRODUCTS_DIR)/SevenLittleWords.app/SevenLittleWords";
			};
			name = Release;
		};
		671C6BF72078304100B24A4D /* Debug */ = {
			isa = XCBuildConfiguration;
			buildSettings = {
				ALWAYS_EMBED_SWIFT_STANDARD_LIBRARIES = YES;
				CODE_SIGN_STYLE = Automatic;
				DEVELOPMENT_TEAM = P6295RT7MX;
				INFOPLIST_FILE = SevenLittleWordsUITests/Info.plist;
				LD_RUNPATH_SEARCH_PATHS = "$(inherited) @executable_path/Frameworks @loader_path/Frameworks";
				PRODUCT_BUNDLE_IDENTIFIER = com.test.SevenLittleWordsUITests;
				PRODUCT_NAME = "$(TARGET_NAME)";
				SWIFT_VERSION = 4.0;
				TARGETED_DEVICE_FAMILY = "1,2";
				TEST_TARGET_NAME = SevenLittleWords;
			};
			name = Debug;
		};
		671C6BF82078304100B24A4D /* Release */ = {
			isa = XCBuildConfiguration;
			buildSettings = {
				ALWAYS_EMBED_SWIFT_STANDARD_LIBRARIES = YES;
				CODE_SIGN_STYLE = Automatic;
				DEVELOPMENT_TEAM = P6295RT7MX;
				INFOPLIST_FILE = SevenLittleWordsUITests/Info.plist;
				LD_RUNPATH_SEARCH_PATHS = "$(inherited) @executable_path/Frameworks @loader_path/Frameworks";
				PRODUCT_BUNDLE_IDENTIFIER = com.test.SevenLittleWordsUITests;
				PRODUCT_NAME = "$(TARGET_NAME)";
				SWIFT_VERSION = 4.0;
				TARGETED_DEVICE_FAMILY = "1,2";
				TEST_TARGET_NAME = SevenLittleWords;
			};
			name = Release;
		};
/* End XCBuildConfiguration section */

/* Begin XCConfigurationList section */
		671C6BC32078304100B24A4D /* Build configuration list for PBXProject "SevenLittleWords" */ = {
			isa = XCConfigurationList;
			buildConfigurations = (
				671C6BEE2078304100B24A4D /* Debug */,
				671C6BEF2078304100B24A4D /* Release */,
			);
			defaultConfigurationIsVisible = 0;
			defaultConfigurationName = Release;
		};
		671C6BF02078304100B24A4D /* Build configuration list for PBXNativeTarget "SevenLittleWords" */ = {
			isa = XCConfigurationList;
			buildConfigurations = (
				671C6BF12078304100B24A4D /* Debug */,
				671C6BF22078304100B24A4D /* Release */,
			);
			defaultConfigurationIsVisible = 0;
			defaultConfigurationName = Release;
		};
		671C6BF32078304100B24A4D /* Build configuration list for PBXNativeTarget "SevenLittleWordsTests" */ = {
			isa = XCConfigurationList;
			buildConfigurations = (
				671C6BF42078304100B24A4D /* Debug */,
				671C6BF52078304100B24A4D /* Release */,
			);
			defaultConfigurationIsVisible = 0;
			defaultConfigurationName = Release;
		};
		671C6BF62078304100B24A4D /* Build configuration list for PBXNativeTarget "SevenLittleWordsUITests" */ = {
			isa = XCConfigurationList;
			buildConfigurations = (
				671C6BF72078304100B24A4D /* Debug */,
				671C6BF82078304100B24A4D /* Release */,
			);
			defaultConfigurationIsVisible = 0;
			defaultConfigurationName = Release;
		};
/* End XCConfigurationList section */
	};
	rootObject = 671C6BC02078304100B24A4D /* Project object */;
}
